
Microsoft Visual Studio Solution File, Format Version 12.00
# Visual Studio Version 16
VisualStudioVersion = 16.0.29418.71
MinimumVisualStudioVersion = 10.0.40219.1
Project("{FAE04EC0-301F-11D3-BF4B-00C04F79EFBC}") = "SpotifyWrapper", "SpotifyWrapper\SpotifyWrapper.csproj", "{FD3A114E-E5FF-4D6F-9C61-6A11FD78BE14}"
EndProject
Global
	GlobalSection(SolutionConfigurationPlatforms) = preSolution
		Debug|Any CPU = Debug|Any CPU
		Release|Any CPU = Release|Any CPU
	EndGlobalSection
	GlobalSection(ProjectConfigurationPlatforms) = postSolution
		{FD3A114E-E5FF-4D6F-9C61-6A11FD78BE14}.Debug|Any CPU.ActiveCfg = Debug|Any CPU
		{FD3A114E-E5FF-4D6F-9C61-6A11FD78BE14}.Debug|Any CPU.Build.0 = Debug|Any CPU
		{FD3A114E-E5FF-4D6F-9C61-6A11FD78BE14}.Release|Any CPU.ActiveCfg = Release|Any CPU
		{FD3A114E-E5FF-4D6F-9C61-6A11FD78BE14}.Release|Any CPU.Build.0 = Release|Any CPU
	EndGlobalSection
	GlobalSection(SolutionProperties) = preSolution
		HideSolutionNode = FALSE
	EndGlobalSection
	GlobalSection(ExtensibilityGlobals) = postSolution
		SolutionGuid = {40703254-F425-422E-BF31-AAAC9CFCD8E3}
	EndGlobalSection
EndGlobal
